
Microsoft Visual Studio Solution File, Format Version 12.00
# Visual Studio Version 17
VisualStudioVersion = 17.4.33403.182
MinimumVisualStudioVersion = 10.0.40219.1
Project("{9A19103F-16F7-4668-BE54-9A1E7A4F7556}") = "SkillBox_CSharpHomeWork", "SkillBox_CSharpHomeWork\SkillBox_CSharpHomeWork.csproj", "{7340055C-3F6E-46E6-96AE-1265EAF441DD}"
EndProject
Project("{FAE04EC0-301F-11D3-BF4B-00C04F79EFBC}") = "HomeWork_3", "HomeWork_3\HomeWork_3.csproj", "{52A20FE7-AD03-44F9-ACE7-1F271A883FAA}"
EndProject
Global
	GlobalSection(SolutionConfigurationPlatforms) = preSolution
		Debug|Any CPU = Debug|Any CPU
		Release|Any CPU = Release|Any CPU
	EndGlobalSection
	GlobalSection(ProjectConfigurationPlatforms) = postSolution
		{7340055C-3F6E-46E6-96AE-1265EAF441DD}.Debug|Any CPU.ActiveCfg = Debug|Any CPU
		{7340055C-3F6E-46E6-96AE-1265EAF441DD}.Debug|Any CPU.Build.0 = Debug|Any CPU
		{7340055C-3F6E-46E6-96AE-1265EAF441DD}.Release|Any CPU.ActiveCfg = Release|Any CPU
		{7340055C-3F6E-46E6-96AE-1265EAF441DD}.Release|Any CPU.Build.0 = Release|Any CPU
		{52A20FE7-AD03-44F9-ACE7-1F271A883FAA}.Debug|Any CPU.ActiveCfg = Debug|Any CPU
		{52A20FE7-AD03-44F9-ACE7-1F271A883FAA}.Debug|Any CPU.Build.0 = Debug|Any CPU
		{52A20FE7-AD03-44F9-ACE7-1F271A883FAA}.Release|Any CPU.ActiveCfg = Release|Any CPU
		{52A20FE7-AD03-44F9-ACE7-1F271A883FAA}.Release|Any CPU.Build.0 = Release|Any CPU
	EndGlobalSection
	GlobalSection(SolutionProperties) = preSolution
		HideSolutionNode = FALSE
	EndGlobalSection
	GlobalSection(ExtensibilityGlobals) = postSolution
		SolutionGuid = {1227DE87-7A89-4FFE-8870-DA0B17BC9716}
	EndGlobalSection
EndGlobal
